
Microsoft Visual Studio Solution File, Format Version 12.00
# Visual Studio Version 16
VisualStudioVersion = 16.0.810.20
MinimumVisualStudioVersion = 10.0.40219.1
Project("{FAE04EC0-301F-11D3-BF4B-00C04F79EFBC}") = "DylanReedGroceryApp", "DylanReedGroceryApp\DylanReedGroceryApp.csproj", "{C6A1DEF7-3C17-402A-996A-9D0C7AE8D443}"
EndProject
Global
	GlobalSection(SolutionConfigurationPlatforms) = preSolution
		Debug|Any CPU = Debug|Any CPU
		Release|Any CPU = Release|Any CPU
	EndGlobalSection
	GlobalSection(ProjectConfigurationPlatforms) = postSolution
		{C6A1DEF7-3C17-402A-996A-9D0C7AE8D443}.Debug|Any CPU.ActiveCfg = Debug|Any CPU
		{C6A1DEF7-3C17-402A-996A-9D0C7AE8D443}.Debug|Any CPU.Build.0 = Debug|Any CPU
		{C6A1DEF7-3C17-402A-996A-9D0C7AE8D443}.Release|Any CPU.ActiveCfg = Release|Any CPU
		{C6A1DEF7-3C17-402A-996A-9D0C7AE8D443}.Release|Any CPU.Build.0 = Release|Any CPU
	EndGlobalSection
	GlobalSection(SolutionProperties) = preSolution
		HideSolutionNode = FALSE
	EndGlobalSection
	GlobalSection(ExtensibilityGlobals) = postSolution
		SolutionGuid = {28B530E2-F0C0-445A-A390-663AB368D4A0}
	EndGlobalSection
EndGlobal
